
Microsoft Visual Studio Solution File, Format Version 12.00
Project("{FAE04EC0-301F-11D3-BF4B-00C04F79EFBC}") = "Pow", "Pow\Pow.csproj", "{721F40BC-BD93-4D58-8ED2-3917180DA076}"
EndProject
Global
	GlobalSection(SolutionConfigurationPlatforms) = preSolution
		Debug|Any CPU = Debug|Any CPU
		Release|Any CPU = Release|Any CPU
	EndGlobalSection
	GlobalSection(ProjectConfigurationPlatforms) = postSolution
		{721F40BC-BD93-4D58-8ED2-3917180DA076}.Debug|Any CPU.ActiveCfg = Debug|Any CPU
		{721F40BC-BD93-4D58-8ED2-3917180DA076}.Debug|Any CPU.Build.0 = Debug|Any CPU
		{721F40BC-BD93-4D58-8ED2-3917180DA076}.Release|Any CPU.ActiveCfg = Release|Any CPU
		{721F40BC-BD93-4D58-8ED2-3917180DA076}.Release|Any CPU.Build.0 = Release|Any CPU
	EndGlobalSection
EndGlobal
